
Microsoft Visual Studio Solution File, Format Version 12.00
# Visual Studio Version 16
VisualStudioVersion = 16.0.30907.101
MinimumVisualStudioVersion = 10.0.40219.1
Project("{9A19103F-16F7-4668-BE54-9A1E7A4F7556}") = "DataAccess", "DataAccess\DataAccess.csproj", "{1066762E-0952-44D3-AF1D-0E23C541D98F}"
EndProject
Project("{9A19103F-16F7-4668-BE54-9A1E7A4F7556}") = "DataServiceProvider", "DataServiceProvider\DataServiceProvider.csproj", "{E869CA14-0471-4559-AEA7-AD463642FF09}"
EndProject
Project("{9A19103F-16F7-4668-BE54-9A1E7A4F7556}") = "DataServiceProvider.Tests", "DataAccessServices.Test\DataServiceProvider.Tests.csproj", "{6A6F2925-376D-47B9-B9B4-6820DD25D87E}"
EndProject
Project("{9A19103F-16F7-4668-BE54-9A1E7A4F7556}") = "DataAccess.Test", "DataAccess.Text\DataAccess.Test.csproj", "{DDCAC114-1DCA-428A-AA54-FB2E404543F9}"
EndProject
Project("{9A19103F-16F7-4668-BE54-9A1E7A4F7556}") = "WebApi", "WebApi\WebApi.csproj", "{D1E66E77-03D7-49EF-9D55-73F787CC0789}"
EndProject
Project("{9A19103F-16F7-4668-BE54-9A1E7A4F7556}") = "SharedCodeLibrary", "SharedCodeLibrary\SharedCodeLibrary.csproj", "{CE618AF0-C1B7-4EB0-9142-AF5CBB1CF908}"
EndProject
Project("{9A19103F-16F7-4668-BE54-9A1E7A4F7556}") = "AuthenticationLibrary", "AuthenticationLibrary\AuthenticationLibrary.csproj", "{D8BD7A08-354B-4084-9250-F84AB0A2B5B5}"
EndProject
Project("{9A19103F-16F7-4668-BE54-9A1E7A4F7556}") = "DataAccess.Core", "DataAccess.Core\DataAccess.Core.csproj", "{3482BEBC-A146-421A-AB81-3A788B957A03}"
EndProject
Project("{9A19103F-16F7-4668-BE54-9A1E7A4F7556}") = "DataAccess.Core.Test", "DataAccess.Core.Test\DataAccess.Core.Test.csproj", "{8A05C3B8-1042-41DE-B271-E832E9B374F3}"
EndProject
Project("{9A19103F-16F7-4668-BE54-9A1E7A4F7556}") = "FakerSharedLibrary", "FakerSharedLibrary\FakerSharedLibrary.csproj", "{9E4AF2DE-EAA4-43FD-8FF8-FBDC25DC5DD6}"
EndProject
Project("{9A19103F-16F7-4668-BE54-9A1E7A4F7556}") = "DataAccess.MongoDb", "DataAccess.MongoDb\DataAccess.MongoDb.csproj", "{DCE1016F-2212-4535-B224-545BC572498C}"
EndProject
Project("{9A19103F-16F7-4668-BE54-9A1E7A4F7556}") = "DateAccess.RavenDb", "DateAccess.RavenDb\DateAccess.RavenDb.csproj", "{9A743C82-D46E-4E9A-9F88-3C1454269B8F}"
EndProject
Project("{9A19103F-16F7-4668-BE54-9A1E7A4F7556}") = "DataAccess.Sql", "DataAccess.Sql\DataAccess.Sql.csproj", "{460B2B18-5D7F-43BF-BE4D-D12E5E0869F2}"
EndProject
Project("{9A19103F-16F7-4668-BE54-9A1E7A4F7556}") = "DataAccess.Manager", "DataAccess.Manager\DataAccess.Manager.csproj", "{AC5C0633-DE8A-4138-B2D8-86F77C56F5AC}"
EndProject
Project("{2150E333-8FDC-42A3-9474-1A3956D46DE8}") = "LocalAuthentication", "LocalAuthentication", "{2839DF6E-93D2-4FF4-B597-59DBA9FA576A}"
EndProject
Project("{2150E333-8FDC-42A3-9474-1A3956D46DE8}") = "DataAccessLibraries", "DataAccessLibraries", "{B75CBAD5-9EE2-4D27-8424-FDE8C34C428B}"
EndProject
Project("{2150E333-8FDC-42A3-9474-1A3956D46DE8}") = "DataServices", "DataServices", "{B50ED6DA-26BF-4687-822A-C3C021B9926E}"
EndProject
Project("{2150E333-8FDC-42A3-9474-1A3956D46DE8}") = "UI", "UI", "{D13BF510-97CB-4655-88C4-5E255CA801F2}"
EndProject
Project("{9A19103F-16F7-4668-BE54-9A1E7A4F7556}") = "WpfUi.DataServicesLoader", "WpfUi.DataServicesLoader\WpfUi.DataServicesLoader.csproj", "{119A9D75-FF6E-415B-B64B-10A1A607288A}"
EndProject
Project("{9A19103F-16F7-4668-BE54-9A1E7A4F7556}") = "MapperSharedLibrary", "MapperSharedLibrary\MapperSharedLibrary.csproj", "{0E994481-02D2-4E4E-B415-A3D57664DB3F}"
EndProject
Project("{FAE04EC0-301F-11D3-BF4B-00C04F79EFBC}") = "WpfUi.NetFramework.DataServicesLoader", "WpfUi.NetFramework.DataServicesLoader\WpfUi.NetFramework.DataServicesLoader.csproj", "{E44A4D31-0722-4EB2-8C80-A7D7FE9487AA}"
EndProject
Global
	GlobalSection(SolutionConfigurationPlatforms) = preSolution
		Debug|Any CPU = Debug|Any CPU
		Release|Any CPU = Release|Any CPU
	EndGlobalSection
	GlobalSection(ProjectConfigurationPlatforms) = postSolution
		{1066762E-0952-44D3-AF1D-0E23C541D98F}.Debug|Any CPU.ActiveCfg = Debug|Any CPU
		{1066762E-0952-44D3-AF1D-0E23C541D98F}.Debug|Any CPU.Build.0 = Debug|Any CPU
		{1066762E-0952-44D3-AF1D-0E23C541D98F}.Release|Any CPU.ActiveCfg = Release|Any CPU
		{1066762E-0952-44D3-AF1D-0E23C541D98F}.Release|Any CPU.Build.0 = Release|Any CPU
		{E869CA14-0471-4559-AEA7-AD463642FF09}.Debug|Any CPU.ActiveCfg = Debug|Any CPU
		{E869CA14-0471-4559-AEA7-AD463642FF09}.Debug|Any CPU.Build.0 = Debug|Any CPU
		{E869CA14-0471-4559-AEA7-AD463642FF09}.Release|Any CPU.ActiveCfg = Release|Any CPU
		{E869CA14-0471-4559-AEA7-AD463642FF09}.Release|Any CPU.Build.0 = Release|Any CPU
		{6A6F2925-376D-47B9-B9B4-6820DD25D87E}.Debug|Any CPU.ActiveCfg = Debug|Any CPU
		{6A6F2925-376D-47B9-B9B4-6820DD25D87E}.Debug|Any CPU.Build.0 = Debug|Any CPU
		{6A6F2925-376D-47B9-B9B4-6820DD25D87E}.Release|Any CPU.ActiveCfg = Release|Any CPU
		{6A6F2925-376D-47B9-B9B4-6820DD25D87E}.Release|Any CPU.Build.0 = Release|Any CPU
		{DDCAC114-1DCA-428A-AA54-FB2E404543F9}.Debug|Any CPU.ActiveCfg = Debug|Any CPU
		{DDCAC114-1DCA-428A-AA54-FB2E404543F9}.Debug|Any CPU.Build.0 = Debug|Any CPU
		{DDCAC114-1DCA-428A-AA54-FB2E404543F9}.Release|Any CPU.ActiveCfg = Release|Any CPU
		{DDCAC114-1DCA-428A-AA54-FB2E404543F9}.Release|Any CPU.Build.0 = Release|Any CPU
		{D1E66E77-03D7-49EF-9D55-73F787CC0789}.Debug|Any CPU.ActiveCfg = Debug|Any CPU
		{D1E66E77-03D7-49EF-9D55-73F787CC0789}.Debug|Any CPU.Build.0 = Debug|Any CPU
		{D1E66E77-03D7-49EF-9D55-73F787CC0789}.Release|Any CPU.ActiveCfg = Release|Any CPU
		{D1E66E77-03D7-49EF-9D55-73F787CC0789}.Release|Any CPU.Build.0 = Release|Any CPU
		{CE618AF0-C1B7-4EB0-9142-AF5CBB1CF908}.Debug|Any CPU.ActiveCfg = Debug|Any CPU
		{CE618AF0-C1B7-4EB0-9142-AF5CBB1CF908}.Debug|Any CPU.Build.0 = Debug|Any CPU
		{CE618AF0-C1B7-4EB0-9142-AF5CBB1CF908}.Release|Any CPU.ActiveCfg = Release|Any CPU
		{CE618AF0-C1B7-4EB0-9142-AF5CBB1CF908}.Release|Any CPU.Build.0 = Release|Any CPU
		{D8BD7A08-354B-4084-9250-F84AB0A2B5B5}.Debug|Any CPU.ActiveCfg = Debug|Any CPU
		{D8BD7A08-354B-4084-9250-F84AB0A2B5B5}.Debug|Any CPU.Build.0 = Debug|Any CPU
		{D8BD7A08-354B-4084-9250-F84AB0A2B5B5}.Release|Any CPU.ActiveCfg = Release|Any CPU
		{D8BD7A08-354B-4084-9250-F84AB0A2B5B5}.Release|Any CPU.Build.0 = Release|Any CPU
		{3482BEBC-A146-421A-AB81-3A788B957A03}.Debug|Any CPU.ActiveCfg = Debug|Any CPU
		{3482BEBC-A146-421A-AB81-3A788B957A03}.Debug|Any CPU.Build.0 = Debug|Any CPU
		{3482BEBC-A146-421A-AB81-3A788B957A03}.Release|Any CPU.ActiveCfg = Release|Any CPU
		{3482BEBC-A146-421A-AB81-3A788B957A03}.Release|Any CPU.Build.0 = Release|Any CPU
		{8A05C3B8-1042-41DE-B271-E832E9B374F3}.Debug|Any CPU.ActiveCfg = Debug|Any CPU
		{8A05C3B8-1042-41DE-B271-E832E9B374F3}.Debug|Any CPU.Build.0 = Debug|Any CPU
		{8A05C3B8-1042-41DE-B271-E832E9B374F3}.Release|Any CPU.ActiveCfg = Release|Any CPU
		{8A05C3B8-1042-41DE-B271-E832E9B374F3}.Release|Any CPU.Build.0 = Release|Any CPU
		{9E4AF2DE-EAA4-43FD-8FF8-FBDC25DC5DD6}.Debug|Any CPU.ActiveCfg = Debug|Any CPU
		{9E4AF2DE-EAA4-43FD-8FF8-FBDC25DC5DD6}.Debug|Any CPU.Build.0 = Debug|Any CPU
		{9E4AF2DE-EAA4-43FD-8FF8-FBDC25DC5DD6}.Release|Any CPU.ActiveCfg = Release|Any CPU
		{9E4AF2DE-EAA4-43FD-8FF8-FBDC25DC5DD6}.Release|Any CPU.Build.0 = Release|Any CPU
		{DCE1016F-2212-4535-B224-545BC572498C}.Debug|Any CPU.ActiveCfg = Debug|Any CPU
		{DCE1016F-2212-4535-B224-545BC572498C}.Debug|Any CPU.Build.0 = Debug|Any CPU
		{DCE1016F-2212-4535-B224-545BC572498C}.Release|Any CPU.ActiveCfg = Release|Any CPU
		{DCE1016F-2212-4535-B224-545BC572498C}.Release|Any CPU.Build.0 = Release|Any CPU
		{9A743C82-D46E-4E9A-9F88-3C1454269B8F}.Debug|Any CPU.ActiveCfg = Debug|Any CPU
		{9A743C82-D46E-4E9A-9F88-3C1454269B8F}.Debug|Any CPU.Build.0 = Debug|Any CPU
		{9A743C82-D46E-4E9A-9F88-3C1454269B8F}.Release|Any CPU.ActiveCfg = Release|Any CPU
		{9A743C82-D46E-4E9A-9F88-3C1454269B8F}.Release|Any CPU.Build.0 = Release|Any CPU
		{460B2B18-5D7F-43BF-BE4D-D12E5E0869F2}.Debug|Any CPU.ActiveCfg = Debug|Any CPU
		{460B2B18-5D7F-43BF-BE4D-D12E5E0869F2}.Debug|Any CPU.Build.0 = Debug|Any CPU
		{460B2B18-5D7F-43BF-BE4D-D12E5E0869F2}.Release|Any CPU.ActiveCfg = Release|Any CPU
		{460B2B18-5D7F-43BF-BE4D-D12E5E0869F2}.Release|Any CPU.Build.0 = Release|Any CPU
		{AC5C0633-DE8A-4138-B2D8-86F77C56F5AC}.Debug|Any CPU.ActiveCfg = Debug|Any CPU
		{AC5C0633-DE8A-4138-B2D8-86F77C56F5AC}.Debug|Any CPU.Build.0 = Debug|Any CPU
		{AC5C0633-DE8A-4138-B2D8-86F77C56F5AC}.Release|Any CPU.ActiveCfg = Release|Any CPU
		{AC5C0633-DE8A-4138-B2D8-86F77C56F5AC}.Release|Any CPU.Build.0 = Release|Any CPU
		{119A9D75-FF6E-415B-B64B-10A1A607288A}.Debug|Any CPU.ActiveCfg = Debug|Any CPU
		{119A9D75-FF6E-415B-B64B-10A1A607288A}.Debug|Any CPU.Build.0 = Debug|Any CPU
		{119A9D75-FF6E-415B-B64B-10A1A607288A}.Release|Any CPU.ActiveCfg = Release|Any CPU
		{119A9D75-FF6E-415B-B64B-10A1A607288A}.Release|Any CPU.Build.0 = Release|Any CPU
		{0E994481-02D2-4E4E-B415-A3D57664DB3F}.Debug|Any CPU.ActiveCfg = Debug|Any CPU
		{0E994481-02D2-4E4E-B415-A3D57664DB3F}.Debug|Any CPU.Build.0 = Debug|Any CPU
		{0E994481-02D2-4E4E-B415-A3D57664DB3F}.Release|Any CPU.ActiveCfg = Release|Any CPU
		{0E994481-02D2-4E4E-B415-A3D57664DB3F}.Release|Any CPU.Build.0 = Release|Any CPU
		{E44A4D31-0722-4EB2-8C80-A7D7FE9487AA}.Debug|Any CPU.ActiveCfg = Debug|Any CPU
		{E44A4D31-0722-4EB2-8C80-A7D7FE9487AA}.Debug|Any CPU.Build.0 = Debug|Any CPU
		{E44A4D31-0722-4EB2-8C80-A7D7FE9487AA}.Release|Any CPU.ActiveCfg = Release|Any CPU
		{E44A4D31-0722-4EB2-8C80-A7D7FE9487AA}.Release|Any CPU.Build.0 = Release|Any CPU
	EndGlobalSection
	GlobalSection(SolutionProperties) = preSolution
		HideSolutionNode = FALSE
	EndGlobalSection
	GlobalSection(NestedProjects) = preSolution
		{1066762E-0952-44D3-AF1D-0E23C541D98F} = {B75CBAD5-9EE2-4D27-8424-FDE8C34C428B}
		{E869CA14-0471-4559-AEA7-AD463642FF09} = {B50ED6DA-26BF-4687-822A-C3C021B9926E}
		{6A6F2925-376D-47B9-B9B4-6820DD25D87E} = {B50ED6DA-26BF-4687-822A-C3C021B9926E}
		{DDCAC114-1DCA-428A-AA54-FB2E404543F9} = {B75CBAD5-9EE2-4D27-8424-FDE8C34C428B}
		{D1E66E77-03D7-49EF-9D55-73F787CC0789} = {D13BF510-97CB-4655-88C4-5E255CA801F2}
		{D8BD7A08-354B-4084-9250-F84AB0A2B5B5} = {2839DF6E-93D2-4FF4-B597-59DBA9FA576A}
		{3482BEBC-A146-421A-AB81-3A788B957A03} = {B75CBAD5-9EE2-4D27-8424-FDE8C34C428B}
		{8A05C3B8-1042-41DE-B271-E832E9B374F3} = {B75CBAD5-9EE2-4D27-8424-FDE8C34C428B}
		{DCE1016F-2212-4535-B224-545BC572498C} = {B75CBAD5-9EE2-4D27-8424-FDE8C34C428B}
		{9A743C82-D46E-4E9A-9F88-3C1454269B8F} = {B75CBAD5-9EE2-4D27-8424-FDE8C34C428B}
		{460B2B18-5D7F-43BF-BE4D-D12E5E0869F2} = {B75CBAD5-9EE2-4D27-8424-FDE8C34C428B}
		{AC5C0633-DE8A-4138-B2D8-86F77C56F5AC} = {B75CBAD5-9EE2-4D27-8424-FDE8C34C428B}
		{119A9D75-FF6E-415B-B64B-10A1A607288A} = {D13BF510-97CB-4655-88C4-5E255CA801F2}
		{E44A4D31-0722-4EB2-8C80-A7D7FE9487AA} = {D13BF510-97CB-4655-88C4-5E255CA801F2}
	EndGlobalSection
	GlobalSection(ExtensibilityGlobals) = postSolution
		SolutionGuid = {38A5C93B-9496-4AE6-8DDB-0E535387FC3C}
	EndGlobalSection
EndGlobal
